Microsoft Visual Studio Solution File, Format Version 12.00
# Visual Studio Version 17
VisualStudioVersion = 17.0.0.0
MinimumVisualStudioVersion = 10.0.40219.1
Project("{9A19103F-16F7-4668-BE54-9A1E7A4F7556}") = "omniDesk.Api", "src\omniDesk.Api\omniDesk.Api.csproj", "{6F2A1A0B-1C0E-4C0F-9D2A-000000000001}"
EndProject
Project("{9A19103F-16F7-4668-BE54-9A1E7A4F7556}") = "omniDesk.Api.Tests", "src\omniDesk.Api\tests\omniDesk.Api.Tests\omniDesk.Api.Tests.csproj", "{6F2A1A0B-1C0E-4C0F-9D2A-000000000002}"
EndProject
Global
	GlobalSection(SolutionConfigurationPlatforms) = preSolution
		Debug|Any CPU = Debug|Any CPU
		Release|Any CPU = Release|Any CPU
	EndGlobalSection
	GlobalSection(ProjectConfigurationPlatforms) = postSolution
		{6F2A1A0B-1C0E-4C0F-9D2A-000000000001}.Debug|Any CPU.ActiveCfg = Debug|Any CPU
		{6F2A1A0B-1C0E-4C0F-9D2A-000000000001}.Debug|Any CPU.Build.0 = Debug|Any CPU
		{6F2A1A0B-1C0E-4C0F-9D2A-000000000001}.Release|Any CPU.ActiveCfg = Release|Any CPU
		{6F2A1A0B-1C0E-4C0F-9D2A-000000000001}.Release|Any CPU.Build.0 = Release|Any CPU
		{6F2A1A0B-1C0E-4C0F-9D2A-000000000002}.Debug|Any CPU.ActiveCfg = Debug|Any CPU
		{6F2A1A0B-1C0E-4C0F-9D2A-000000000002}.Debug|Any CPU.Build.0 = Debug|Any CPU
		{6F2A1A0B-1C0E-4C0F-9D2A-000000000002}.Release|Any CPU.ActiveCfg = Release|Any CPU
		{6F2A1A0B-1C0E-4C0F-9D2A-000000000002}.Release|Any CPU.Build.0 = Release|Any CPU
	EndGlobalSection
	GlobalSection(SolutionProperties) = preSolution
		HideSolutionNode = FALSE
	EndGlobalSection
EndGlobal
